
Microsoft Visual Studio Solution File, Format Version 12.00
# Visual Studio Version 17
VisualStudioVersion = 17.7.34009.444
MinimumVisualStudioVersion = 10.0.40219.1
Project("{2150E333-8FDC-42A3-9474-1A3956D46DE8}") = "Services", "Services", "{3A1CCBEC-1364-4BBF-AD2D-E53793891DE1}"
EndProject
Project("{2150E333-8FDC-42A3-9474-1A3956D46DE8}") = "Catalog", "Catalog", "{C96E06AB-F512-43F6-A259-C3432B56FD1B}"
EndProject
Project("{9A19103F-16F7-4668-BE54-9A1E7A4F7556}") = "Catalog.API", "Services\Catalog\Catalog.API\Catalog.API.csproj", "{44CAA12C-382B-4D7D-A03D-655AF9B7DC2F}"
EndProject
Project("{E53339B2-1760-4266-BCC7-CA923CBCF16C}") = "docker-compose", "docker-compose.dcproj", "{126FD706-BF47-4E9B-B13B-FAE4B53AADBA}"
EndProject
Project("{2150E333-8FDC-42A3-9474-1A3956D46DE8}") = "Basket", "Basket", "{BDA04DA6-7636-4850-AECC-4A57BBE23F88}"
EndProject
Project("{9A19103F-16F7-4668-BE54-9A1E7A4F7556}") = "Basket.API", "Services\Basket\Basket.API\Basket.API.csproj", "{1FE08217-C35B-48EE-AE47-1E90F8C64369}"
EndProject
Project("{2150E333-8FDC-42A3-9474-1A3956D46DE8}") = "Discount", "Discount", "{980B645D-A3D9-4930-8D05-85863D914CB6}"
EndProject
Project("{9A19103F-16F7-4668-BE54-9A1E7A4F7556}") = "Discount.API", "Services\Discount\Discount.API\Discount.API.csproj", "{1F516352-E84C-4F43-85A2-E5A25096CC54}"
EndProject
Project("{9A19103F-16F7-4668-BE54-9A1E7A4F7556}") = "Discount.GRPC", "Services\Discount\Discount.GRPC\Discount.GRPC.csproj", "{E4743775-1478-4767-B1F9-8663315B6323}"
EndProject
Project("{2150E333-8FDC-42A3-9474-1A3956D46DE8}") = "Ordering", "Ordering", "{A9AABFD0-6FB2-4563-BF9D-C793B07B8C8B}"
EndProject
Project("{9A19103F-16F7-4668-BE54-9A1E7A4F7556}") = "Ordering.API", "Services\Ordering\Ordering.API\Ordering.API.csproj", "{A1E0F472-A668-4C98-9FF3-7BA58A1EAD98}"
EndProject
Project("{9A19103F-16F7-4668-BE54-9A1E7A4F7556}") = "Ordering.Domain", "Services\Ordering\Ordering.Domain\Ordering.Domain.csproj", "{4F4D6380-0C6C-4114-B4B4-362722B9A282}"
EndProject
Project("{9A19103F-16F7-4668-BE54-9A1E7A4F7556}") = "Ordering.Application", "Services\Ordering\Ordering.Application\Ordering.Application.csproj", "{5D23F63A-3AB1-4267-BA2B-C05E8420C4EC}"
EndProject
Project("{9A19103F-16F7-4668-BE54-9A1E7A4F7556}") = "Ordering.Infrastructure", "Services\Ordering\Ordering.Infrastructure\Ordering.Infrastructure.csproj", "{CB0E3DC2-BD1F-4BBF-B671-D1D24853D831}"
EndProject
Project("{2150E333-8FDC-42A3-9474-1A3956D46DE8}") = "BuildingBlocks", "BuildingBlocks", "{F8E30D11-FAE7-4D6C-8081-80440A09F673}"
EndProject
Project("{9A19103F-16F7-4668-BE54-9A1E7A4F7556}") = "EventBus.Message", "BuildingBlocks\EventBus.Message\EventBus.Message.csproj", "{54BF81EE-DE83-488E-B9A5-306F3202D23A}"
EndProject
Project("{2150E333-8FDC-42A3-9474-1A3956D46DE8}") = "ApiGateways", "ApiGateways", "{5232ED9B-C606-4DD6-952C-DC1585AFA0A3}"
EndProject
Project("{9A19103F-16F7-4668-BE54-9A1E7A4F7556}") = "OcelotApiGw", "ApiGateways\OcelotApiGw\OcelotApiGw.csproj", "{CCB4B8CE-E19B-4EE8-AEDB-B0D4E91B26B6}"
EndProject
Project("{9A19103F-16F7-4668-BE54-9A1E7A4F7556}") = "Shopping.Aggregator", "ApiGateways\Shopping.Aggregator\Shopping.Aggregator.csproj", "{F4EC3645-3957-4B97-979A-64AA0302A41B}"
EndProject
Project("{2150E333-8FDC-42A3-9474-1A3956D46DE8}") = "WebApps", "WebApps", "{748DC14B-7EA2-4B99-8676-765CBD6370C8}"
EndProject
Project("{9A19103F-16F7-4668-BE54-9A1E7A4F7556}") = "AspnetRunBasics", "WebApps\AspnetRunBasics\AspnetRunBasics.csproj", "{C58FD2EE-040E-4A26-A507-C8A5301B271C}"
EndProject
Global
	GlobalSection(SolutionConfigurationPlatforms) = preSolution
		Debug|Any CPU = Debug|Any CPU
		Release|Any CPU = Release|Any CPU
	EndGlobalSection
	GlobalSection(ProjectConfigurationPlatforms) = postSolution
		{44CAA12C-382B-4D7D-A03D-655AF9B7DC2F}.Debug|Any CPU.ActiveCfg = Debug|Any CPU
		{44CAA12C-382B-4D7D-A03D-655AF9B7DC2F}.Debug|Any CPU.Build.0 = Debug|Any CPU
		{44CAA12C-382B-4D7D-A03D-655AF9B7DC2F}.Release|Any CPU.ActiveCfg = Release|Any CPU
		{44CAA12C-382B-4D7D-A03D-655AF9B7DC2F}.Release|Any CPU.Build.0 = Release|Any CPU
		{126FD706-BF47-4E9B-B13B-FAE4B53AADBA}.Debug|Any CPU.ActiveCfg = Debug|Any CPU
		{126FD706-BF47-4E9B-B13B-FAE4B53AADBA}.Debug|Any CPU.Build.0 = Debug|Any CPU
		{126FD706-BF47-4E9B-B13B-FAE4B53AADBA}.Release|Any CPU.ActiveCfg = Release|Any CPU
		{126FD706-BF47-4E9B-B13B-FAE4B53AADBA}.Release|Any CPU.Build.0 = Release|Any CPU
		{1FE08217-C35B-48EE-AE47-1E90F8C64369}.Debug|Any CPU.ActiveCfg = Debug|Any CPU
		{1FE08217-C35B-48EE-AE47-1E90F8C64369}.Debug|Any CPU.Build.0 = Debug|Any CPU
		{1FE08217-C35B-48EE-AE47-1E90F8C64369}.Release|Any CPU.ActiveCfg = Release|Any CPU
		{1FE08217-C35B-48EE-AE47-1E90F8C64369}.Release|Any CPU.Build.0 = Release|Any CPU
		{1F516352-E84C-4F43-85A2-E5A25096CC54}.Debug|Any CPU.ActiveCfg = Debug|Any CPU
		{1F516352-E84C-4F43-85A2-E5A25096CC54}.Debug|Any CPU.Build.0 = Debug|Any CPU
		{1F516352-E84C-4F43-85A2-E5A25096CC54}.Release|Any CPU.ActiveCfg = Release|Any CPU
		{1F516352-E84C-4F43-85A2-E5A25096CC54}.Release|Any CPU.Build.0 = Release|Any CPU
		{E4743775-1478-4767-B1F9-8663315B6323}.Debug|Any CPU.ActiveCfg = Debug|Any CPU
		{E4743775-1478-4767-B1F9-8663315B6323}.Debug|Any CPU.Build.0 = Debug|Any CPU
		{E4743775-1478-4767-B1F9-8663315B6323}.Release|Any CPU.ActiveCfg = Release|Any CPU
		{E4743775-1478-4767-B1F9-8663315B6323}.Release|Any CPU.Build.0 = Release|Any CPU
		{A1E0F472-A668-4C98-9FF3-7BA58A1EAD98}.Debug|Any CPU.ActiveCfg = Debug|Any CPU
		{A1E0F472-A668-4C98-9FF3-7BA58A1EAD98}.Debug|Any CPU.Build.0 = Debug|Any CPU
		{A1E0F472-A668-4C98-9FF3-7BA58A1EAD98}.Release|Any CPU.ActiveCfg = Release|Any CPU
		{A1E0F472-A668-4C98-9FF3-7BA58A1EAD98}.Release|Any CPU.Build.0 = Release|Any CPU
		{4F4D6380-0C6C-4114-B4B4-362722B9A282}.Debug|Any CPU.ActiveCfg = Debug|Any CPU
		{4F4D6380-0C6C-4114-B4B4-362722B9A282}.Debug|Any CPU.Build.0 = Debug|Any CPU
		{4F4D6380-0C6C-4114-B4B4-362722B9A282}.Release|Any CPU.ActiveCfg = Release|Any CPU
		{4F4D6380-0C6C-4114-B4B4-362722B9A282}.Release|Any CPU.Build.0 = Release|Any CPU
		{5D23F63A-3AB1-4267-BA2B-C05E8420C4EC}.Debug|Any CPU.ActiveCfg = Debug|Any CPU
		{5D23F63A-3AB1-4267-BA2B-C05E8420C4EC}.Debug|Any CPU.Build.0 = Debug|Any CPU
		{5D23F63A-3AB1-4267-BA2B-C05E8420C4EC}.Release|Any CPU.ActiveCfg = Release|Any CPU
		{5D23F63A-3AB1-4267-BA2B-C05E8420C4EC}.Release|Any CPU.Build.0 = Release|Any CPU
		{CB0E3DC2-BD1F-4BBF-B671-D1D24853D831}.Debug|Any CPU.ActiveCfg = Debug|Any CPU
		{CB0E3DC2-BD1F-4BBF-B671-D1D24853D831}.Debug|Any CPU.Build.0 = Debug|Any CPU
		{CB0E3DC2-BD1F-4BBF-B671-D1D24853D831}.Release|Any CPU.ActiveCfg = Release|Any CPU
		{CB0E3DC2-BD1F-4BBF-B671-D1D24853D831}.Release|Any CPU.Build.0 = Release|Any CPU
		{54BF81EE-DE83-488E-B9A5-306F3202D23A}.Debug|Any CPU.ActiveCfg = Debug|Any CPU
		{54BF81EE-DE83-488E-B9A5-306F3202D23A}.Debug|Any CPU.Build.0 = Debug|Any CPU
		{54BF81EE-DE83-488E-B9A5-306F3202D23A}.Release|Any CPU.ActiveCfg = Release|Any CPU
		{54BF81EE-DE83-488E-B9A5-306F3202D23A}.Release|Any CPU.Build.0 = Release|Any CPU
		{CCB4B8CE-E19B-4EE8-AEDB-B0D4E91B26B6}.Debug|Any CPU.ActiveCfg = Debug|Any CPU
		{CCB4B8CE-E19B-4EE8-AEDB-B0D4E91B26B6}.Debug|Any CPU.Build.0 = Debug|Any CPU
		{CCB4B8CE-E19B-4EE8-AEDB-B0D4E91B26B6}.Release|Any CPU.ActiveCfg = Release|Any CPU
		{CCB4B8CE-E19B-4EE8-AEDB-B0D4E91B26B6}.Release|Any CPU.Build.0 = Release|Any CPU
		{F4EC3645-3957-4B97-979A-64AA0302A41B}.Debug|Any CPU.ActiveCfg = Debug|Any CPU
		{F4EC3645-3957-4B97-979A-64AA0302A41B}.Debug|Any CPU.Build.0 = Debug|Any CPU
		{F4EC3645-3957-4B97-979A-64AA0302A41B}.Release|Any CPU.ActiveCfg = Release|Any CPU
		{F4EC3645-3957-4B97-979A-64AA0302A41B}.Release|Any CPU.Build.0 = Release|Any CPU
		{C58FD2EE-040E-4A26-A507-C8A5301B271C}.Debug|Any CPU.ActiveCfg = Debug|Any CPU
		{C58FD2EE-040E-4A26-A507-C8A5301B271C}.Debug|Any CPU.Build.0 = Debug|Any CPU
		{C58FD2EE-040E-4A26-A507-C8A5301B271C}.Release|Any CPU.ActiveCfg = Release|Any CPU
		{C58FD2EE-040E-4A26-A507-C8A5301B271C}.Release|Any CPU.Build.0 = Release|Any CPU
	EndGlobalSection
	GlobalSection(SolutionProperties) = preSolution
		HideSolutionNode = FALSE
	EndGlobalSection
	GlobalSection(NestedProjects) = preSolution
		{C96E06AB-F512-43F6-A259-C3432B56FD1B} = {3A1CCBEC-1364-4BBF-AD2D-E53793891DE1}
		{44CAA12C-382B-4D7D-A03D-655AF9B7DC2F} = {C96E06AB-F512-43F6-A259-C3432B56FD1B}
		{BDA04DA6-7636-4850-AECC-4A57BBE23F88} = {3A1CCBEC-1364-4BBF-AD2D-E53793891DE1}
		{1FE08217-C35B-48EE-AE47-1E90F8C64369} = {BDA04DA6-7636-4850-AECC-4A57BBE23F88}
		{980B645D-A3D9-4930-8D05-85863D914CB6} = {3A1CCBEC-1364-4BBF-AD2D-E53793891DE1}
		{1F516352-E84C-4F43-85A2-E5A25096CC54} = {980B645D-A3D9-4930-8D05-85863D914CB6}
		{E4743775-1478-4767-B1F9-8663315B6323} = {980B645D-A3D9-4930-8D05-85863D914CB6}
		{A9AABFD0-6FB2-4563-BF9D-C793B07B8C8B} = {3A1CCBEC-1364-4BBF-AD2D-E53793891DE1}
		{A1E0F472-A668-4C98-9FF3-7BA58A1EAD98} = {A9AABFD0-6FB2-4563-BF9D-C793B07B8C8B}
		{4F4D6380-0C6C-4114-B4B4-362722B9A282} = {A9AABFD0-6FB2-4563-BF9D-C793B07B8C8B}
		{5D23F63A-3AB1-4267-BA2B-C05E8420C4EC} = {A9AABFD0-6FB2-4563-BF9D-C793B07B8C8B}
		{CB0E3DC2-BD1F-4BBF-B671-D1D24853D831} = {A9AABFD0-6FB2-4563-BF9D-C793B07B8C8B}
		{54BF81EE-DE83-488E-B9A5-306F3202D23A} = {F8E30D11-FAE7-4D6C-8081-80440A09F673}
		{CCB4B8CE-E19B-4EE8-AEDB-B0D4E91B26B6} = {5232ED9B-C606-4DD6-952C-DC1585AFA0A3}
		{F4EC3645-3957-4B97-979A-64AA0302A41B} = {5232ED9B-C606-4DD6-952C-DC1585AFA0A3}
		{C58FD2EE-040E-4A26-A507-C8A5301B271C} = {748DC14B-7EA2-4B99-8676-765CBD6370C8}
	EndGlobalSection
	GlobalSection(ExtensibilityGlobals) = postSolution
		SolutionGuid = {0BD188D0-64D8-4B50-825A-859FE41FCACE}
	EndGlobalSection
EndGlobal
